{
    "requires": true,
    "lockfileVersion": 1,
    "dependencies": {
        "cleave.js": {
            "version": "1.5.3",
            "resolved": "https://registry.npmjs.org/cleave.js/-/cleave.js-1.5.3.tgz",
            "integrity": "sha512-tLum0abk+NRUZtMxpqLQS0jE9k2KYzsUlnMAqfMd2LAf8bb5xTHLHXTtPyI+dCk6DThtmWER3EzKfUi4NHdR7A=="
        }
    }
}
